
Microsoft Visual Studio Solution File, Format Version 12.00
Project("{FAE04EC0-301F-11D3-BF4B-00C04F79EFBC}") = "FunctorsMonads", "FunctorsMonads.csproj", "{9C78521A-D03D-4517-9B06-A067485556E5}"
EndProject
Global
	GlobalSection(SolutionConfigurationPlatforms) = preSolution
		Debug|Any CPU = Debug|Any CPU
		Release|Any CPU = Release|Any CPU
	EndGlobalSection
	GlobalSection(ProjectConfigurationPlatforms) = postSolution
		{9C78521A-D03D-4517-9B06-A067485556E5}.Debug|Any CPU.ActiveCfg = Debug|Any CPU
		{9C78521A-D03D-4517-9B06-A067485556E5}.Debug|Any CPU.Build.0 = Debug|Any CPU
		{9C78521A-D03D-4517-9B06-A067485556E5}.Release|Any CPU.ActiveCfg = Release|Any CPU
		{9C78521A-D03D-4517-9B06-A067485556E5}.Release|Any CPU.Build.0 = Release|Any CPU
	EndGlobalSection
EndGlobal
